
Microsoft Visual Studio Solution File, Format Version 12.00
# Visual Studio Version 16
VisualStudioVersion = 16.0.30803.129
MinimumVisualStudioVersion = 10.0.40219.1
Project("{9A19103F-16F7-4668-BE54-9A1E7A4F7556}") = "SavestateFormat.Snes9x", "SavestateFormat.Snes9x.csproj", "{7657D483-0530-4109-82CA-9C8785BF5C8F}"
EndProject
Global
	GlobalSection(SolutionConfigurationPlatforms) = preSolution
		Debug|Any CPU = Debug|Any CPU
		Release|Any CPU = Release|Any CPU
	EndGlobalSection
	GlobalSection(ProjectConfigurationPlatforms) = postSolution
		{7657D483-0530-4109-82CA-9C8785BF5C8F}.Debug|Any CPU.ActiveCfg = Debug|Any CPU
		{7657D483-0530-4109-82CA-9C8785BF5C8F}.Debug|Any CPU.Build.0 = Debug|Any CPU
		{7657D483-0530-4109-82CA-9C8785BF5C8F}.Release|Any CPU.ActiveCfg = Release|Any CPU
		{7657D483-0530-4109-82CA-9C8785BF5C8F}.Release|Any CPU.Build.0 = Release|Any CPU
	EndGlobalSection
	GlobalSection(SolutionProperties) = preSolution
		HideSolutionNode = FALSE
	EndGlobalSection
	GlobalSection(ExtensibilityGlobals) = postSolution
		SolutionGuid = {E1928DE7-60EF-4011-9C89-6949693D31DB}
	EndGlobalSection
EndGlobal
